
Microsoft Visual Studio Solution File, Format Version 12.00
# Visual Studio Version 17
VisualStudioVersion = 17.8.34525.116
MinimumVisualStudioVersion = 10.0.40219.1
Project("{8BC9CEB8-8B4A-11D0-8D11-00A0C91BC942}") = "consteval-source-location", "consteval-source-location.vcxproj", "{76EF8C65-606C-4454-996E-BBFFFAD1993F}"
EndProject
Project("{2150E333-8FDC-42A3-9474-1A3956D46DE8}") = "Solution Items", "Solution Items", "{4011FF47-54FA-4DD1-A0EB-F564C39290F7}"
	ProjectSection(SolutionItems) = preProject
		README.adoc = README.adoc
	EndProjectSection
EndProject
Global
	GlobalSection(SolutionConfigurationPlatforms) = preSolution
		Debug|x64 = Debug|x64
		Debug|x86 = Debug|x86
		Release|x64 = Release|x64
		Release|x86 = Release|x86
	EndGlobalSection
	GlobalSection(ProjectConfigurationPlatforms) = postSolution
		{76EF8C65-606C-4454-996E-BBFFFAD1993F}.Debug|x64.ActiveCfg = Debug|x64
		{76EF8C65-606C-4454-996E-BBFFFAD1993F}.Debug|x64.Build.0 = Debug|x64
		{76EF8C65-606C-4454-996E-BBFFFAD1993F}.Debug|x86.ActiveCfg = Debug|Win32
		{76EF8C65-606C-4454-996E-BBFFFAD1993F}.Debug|x86.Build.0 = Debug|Win32
		{76EF8C65-606C-4454-996E-BBFFFAD1993F}.Release|x64.ActiveCfg = Release|x64
		{76EF8C65-606C-4454-996E-BBFFFAD1993F}.Release|x64.Build.0 = Release|x64
		{76EF8C65-606C-4454-996E-BBFFFAD1993F}.Release|x86.ActiveCfg = Release|Win32
		{76EF8C65-606C-4454-996E-BBFFFAD1993F}.Release|x86.Build.0 = Release|Win32
	EndGlobalSection
	GlobalSection(SolutionProperties) = preSolution
		HideSolutionNode = FALSE
	EndGlobalSection
	GlobalSection(ExtensibilityGlobals) = postSolution
		SolutionGuid = {CE403C3F-3516-4320-A706-4780CD4F729D}
	EndGlobalSection
EndGlobal
